
Microsoft Visual Studio Solution File, Format Version 12.00
# Visual Studio Version 17
VisualStudioVersion = 17.7.34221.43
MinimumVisualStudioVersion = 10.0.40219.1
Project("{FAE04EC0-301F-11D3-BF4B-00C04F79EFBC}") = "RPGui", "RPGui\RPGui.csproj", "{E75C8BB0-C2B9-49D3-AC55-19C3A2970076}"
EndProject
Project("{FAE04EC0-301F-11D3-BF4B-00C04F79EFBC}") = "RPGMaui", "RPGMaui\RPGMaui.csproj", "{3A61E0CD-6C4D-4C8F-BCDB-08D80AE703B4}"
EndProject
Global
	GlobalSection(SolutionConfigurationPlatforms) = preSolution
		Debug|Any CPU = Debug|Any CPU
		Release|Any CPU = Release|Any CPU
	EndGlobalSection
	GlobalSection(ProjectConfigurationPlatforms) = postSolution
		{E75C8BB0-C2B9-49D3-AC55-19C3A2970076}.Debug|Any CPU.ActiveCfg = Debug|Any CPU
		{E75C8BB0-C2B9-49D3-AC55-19C3A2970076}.Debug|Any CPU.Build.0 = Debug|Any CPU
		{E75C8BB0-C2B9-49D3-AC55-19C3A2970076}.Release|Any CPU.ActiveCfg = Release|Any CPU
		{E75C8BB0-C2B9-49D3-AC55-19C3A2970076}.Release|Any CPU.Build.0 = Release|Any CPU
		{3A61E0CD-6C4D-4C8F-BCDB-08D80AE703B4}.Debug|Any CPU.ActiveCfg = Debug|Any CPU
		{3A61E0CD-6C4D-4C8F-BCDB-08D80AE703B4}.Debug|Any CPU.Build.0 = Debug|Any CPU
		{3A61E0CD-6C4D-4C8F-BCDB-08D80AE703B4}.Debug|Any CPU.Deploy.0 = Debug|Any CPU
		{3A61E0CD-6C4D-4C8F-BCDB-08D80AE703B4}.Release|Any CPU.ActiveCfg = Release|Any CPU
		{3A61E0CD-6C4D-4C8F-BCDB-08D80AE703B4}.Release|Any CPU.Build.0 = Release|Any CPU
		{3A61E0CD-6C4D-4C8F-BCDB-08D80AE703B4}.Release|Any CPU.Deploy.0 = Release|Any CPU
	EndGlobalSection
	GlobalSection(SolutionProperties) = preSolution
		HideSolutionNode = FALSE
	EndGlobalSection
	GlobalSection(ExtensibilityGlobals) = postSolution
		SolutionGuid = {8CBE4F6F-DBC4-403C-8D7C-B8EA52CDA3E4}
	EndGlobalSection
EndGlobal
